// !$*UTF8*$!
{
	archiveVersion = 1;
	classes = {
	};
	objectVersion = 46;
	objects = {

/* Begin PBXBuildFile section */
		3AB8DDA517423F6E00574AF4 /* UIKit.framework in Frameworks */ = {isa = PBXBuildFile; fileRef = 3AB8DDA417423F6E00574AF4 /* UIKit.framework */; };
		3AB8DDA717423F6E00574AF4 /* Foundation.framework in Frameworks */ = {isa = PBXBuildFile; fileRef = 3AB8DDA617423F6E00574AF4 /* Foundation.framework */; };
		3AB8DDA917423F6E00574AF4 /* CoreGraphics.framework in Frameworks */ = {isa = PBXBuildFile; fileRef = 3AB8DDA817423F6E00574AF4 /* CoreGraphics.framework */; };
		3AB8DDAB17423F6E00574AF4 /* CoreData.framework in Frameworks */ = {isa = PBXBuildFile; fileRef = 3AB8DDAA17423F6E00574AF4 /* CoreData.framework */; };
		3AB8DDB117423F6E00574AF4 /* InfoPlist.strings in Resources */ = {isa = PBXBuildFile; fileRef = 3AB8DDAF17423F6E00574AF4 /* InfoPlist.strings */; };
		3AB8DDB317423F6E00574AF4 /* main.m in Sources */ = {isa = PBXBuildFile; fileRef = 3AB8DDB217423F6E00574AF4 /* main.m */; };
		3AB8DDB717423F6E00574AF4 /* dispatchAppDelegate.m in Sources */ = {isa = PBXBuildFile; fileRef = 3AB8DDB617423F6E00574AF4 /* dispatchAppDelegate.m */; };
		3AB8DDB917423F6E00574AF4 /* Default.png in Resources */ = {isa = PBXBuildFile; fileRef = 3AB8DDB817423F6E00574AF4 /* Default.png */; };
		3AB8DDBB17423F6E00574AF4 /* Default@2x.png in Resources */ = {isa = PBXBuildFile; fileRef = 3AB8DDBA17423F6E00574AF4 /* Default@2x.png */; };
		3AB8DDBD17423F6E00574AF4 /* Default-568h@2x.png in Resources */ = {isa = PBXBuildFile; fileRef = 3AB8DDBC17423F6E00574AF4 /* Default-568h@2x.png */; };
		3AB8DDC017423F6E00574AF4 /* bench.xcdatamodeld in Sources */ = {isa = PBXBuildFile; fileRef = 3AB8DDBE17423F6E00574AF4 /* bench.xcdatamodeld */; };
		3AB8DDC817423F6E00574AF4 /* SenTestingKit.framework in Frameworks */ = {isa = PBXBuildFile; fileRef = 3AB8DDC717423F6E00574AF4 /* SenTestingKit.framework */; };
		3AB8DDC917423F6E00574AF4 /* UIKit.framework in Frameworks */ = {isa = PBXBuildFile; fileRef = 3AB8DDA417423F6E00574AF4 /* UIKit.framework */; };
		3AB8DDCA17423F6E00574AF4 /* Foundation.framework in Frameworks */ = {isa = PBXBuildFile; fileRef = 3AB8DDA617423F6E00574AF4 /* Foundation.framework */; };
		3AB8DDCB17423F6E00574AF4 /* CoreData.framework in Frameworks */ = {isa = PBXBuildFile; fileRef = 3AB8DDAA17423F6E00574AF4 /* CoreData.framework */; };
		3AB8DDD317423F6E00574AF4 /* InfoPlist.strings in Resources */ = {isa = PBXBuildFile; fileRef = 3AB8DDD117423F6E00574AF4 /* InfoPlist.strings */; };
		3AB8DDD617423F6E00574AF4 /* benchTests.m in Sources */ = {isa = PBXBuildFile; fileRef = 3AB8DDD517423F6E00574AF4 /* benchTests.m */; };
		3AB8DDE017423F9000574AF4 /* bench.c in Sources */ = {isa = PBXBuildFile; fileRef = 3AB8DDDF17423F9000574AF4 /* bench.c */; };
/* End PBXBuildFile section */

/* Begin PBXContainerItemProxy section */
		3AB8DDCC17423F6E00574AF4 /* PBXContainerItemProxy */ = {
			isa = PBXContainerItemProxy;
			containerPortal = 3AB8DD9917423F6E00574AF4 /* Project object */;
			proxyType = 1;
			remoteGlobalIDString = 3AB8DDA017423F6E00574AF4;
			remoteInfo = bench;
		};
/* End PBXContainerItemProxy section */

/* Begin PBXFileReference section */
		3AB8DDA117423F6E00574AF4 /* bench.app */ = {isa = PBXFileReference; explicitFileType = wrapper.application; includeInIndex = 0; path = bench.app; sourceTree = BUILT_PRODUCTS_DIR; };
		3AB8DDA417423F6E00574AF4 /* UIKit.framework */ = {isa = PBXFileReference; lastKnownFileType = wrapper.framework; name = UIKit.framework; path = System/Library/Frameworks/UIKit.framework; sourceTree = SDKROOT; };
		3AB8DDA617423F6E00574AF4 /* Foundation.framework */ = {isa = PBXFileReference; lastKnownFileType = wrapper.framework; name = Foundation.framework; path = System/Library/Frameworks/Foundation.framework; sourceTree = SDKROOT; };
		3AB8DDA817423F6E00574AF4 /* CoreGraphics.framework */ = {isa = PBXFileReference; lastKnownFileType = wrapper.framework; name = CoreGraphics.framework; path = System/Library/Frameworks/CoreGraphics.framework; sourceTree = SDKROOT; };
		3AB8DDAA17423F6E00574AF4 /* CoreData.framework */ = {isa = PBXFileReference; lastKnownFileType = wrapper.framework; name = CoreData.framework; path = System/Library/Frameworks/CoreData.framework; sourceTree = SDKROOT; };
		3AB8DDAE17423F6E00574AF4 /* bench-Info.plist */ = {isa = PBXFileReference; lastKnownFileType = text.plist.xml; path = "bench-Info.plist"; sourceTree = "<group>"; };
		3AB8DDB017423F6E00574AF4 /* en */ = {isa = PBXFileReference; lastKnownFileType = text.plist.strings; name = en; path = en.lproj/InfoPlist.strings; sourceTree = "<group>"; };
		3AB8DDB217423F6E00574AF4 /* main.m */ = {isa = PBXFileReference; lastKnownFileType = sourcecode.c.objc; path = main.m; sourceTree = "<group>"; };
		3AB8DDB417423F6E00574AF4 /* bench-Prefix.pch */ = {isa = PBXFileReference; lastKnownFileType = sourcecode.c.h; path = "bench-Prefix.pch"; sourceTree = "<group>"; };
		3AB8DDB517423F6E00574AF4 /* dispatchAppDelegate.h */ = {isa = PBXFileReference; lastKnownFileType = sourcecode.c.h; path = dispatchAppDelegate.h; sourceTree = "<group>"; };
		3AB8DDB617423F6E00574AF4 /* dispatchAppDelegate.m */ = {isa = PBXFileReference; lastKnownFileType = sourcecode.c.objc; path = dispatchAppDelegate.m; sourceTree = "<group>"; };
		3AB8DDB817423F6E00574AF4 /* Default.png */ = {isa = PBXFileReference; lastKnownFileType = image.png; path = Default.png; sourceTree = "<group>"; };
		3AB8DDBA17423F6E00574AF4 /* Default@2x.png */ = {isa = PBXFileReference; lastKnownFileType = image.png; path = "Default@2x.png"; sourceTree = "<group>"; };
		3AB8DDBC17423F6E00574AF4 /* Default-568h@2x.png */ = {isa = PBXFileReference; lastKnownFileType = image.png; path = "Default-568h@2x.png"; sourceTree = "<group>"; };
		3AB8DDBF17423F6E00574AF4 /* bench.xcdatamodel */ = {isa = PBXFileReference; lastKnownFileType = wrapper.xcdatamodel; path = bench.xcdatamodel; sourceTree = "<group>"; };
		3AB8DDC617423F6E00574AF4 /* benchTests.octest */ = {isa = PBXFileReference; explicitFileType = wrapper.cfbundle; includeInIndex = 0; path = benchTests.octest; sourceTree = BUILT_PRODUCTS_DIR; };
		3AB8DDC717423F6E00574AF4 /* SenTestingKit.framework */ = {isa = PBXFileReference; lastKnownFileType = wrapper.framework; name = SenTestingKit.framework; path = Library/Frameworks/SenTestingKit.framework; sourceTree = DEVELOPER_DIR; };
		3AB8DDD017423F6E00574AF4 /* benchTests-Info.plist */ = {isa = PBXFileReference; lastKnownFileType = text.plist.xml; path = "benchTests-Info.plist"; sourceTree = "<group>"; };
		3AB8DDD217423F6E00574AF4 /* en */ = {isa = PBXFileReference; lastKnownFileType = text.plist.strings; name = en; path = en.lproj/InfoPlist.strings; sourceTree = "<group>"; };
		3AB8DDD417423F6E00574AF4 /* benchTests.h */ = {isa = PBXFileReference; lastKnownFileType = sourcecode.c.h; path = benchTests.h; sourceTree = "<group>"; };
		3AB8DDD517423F6E00574AF4 /* benchTests.m */ = {isa = PBXFileReference; lastKnownFileType = sourcecode.c.objc; path = benchTests.m; sourceTree = "<group>"; };
		3AB8DDDF17423F9000574AF4 /* bench.c */ = {isa = PBXFileReference; fileEncoding = 4; lastKnownFileType = sourcecode.c.c; path = bench.c; sourceTree = "<group>"; };
/* End PBXFileReference section */

/* Begin PBXFrameworksBuildPhase section */
		3AB8DD9E17423F6E00574AF4 /* Frameworks */ = {
			isa = PBXFrameworksBuildPhase;
			buildActionMask = 2147483647;
			files = (
				3AB8DDA517423F6E00574AF4 /* UIKit.framework in Frameworks */,
				3AB8DDA717423F6E00574AF4 /* Foundation.framework in Frameworks */,
				3AB8DDA917423F6E00574AF4 /* CoreGraphics.framework in Frameworks */,
				3AB8DDAB17423F6E00574AF4 /* CoreData.framework in Frameworks */,
			);
			runOnlyForDeploymentPostprocessing = 0;
		};
		3AB8DDC217423F6E00574AF4 /* Frameworks */ = {
			isa = PBXFrameworksBuildPhase;
			buildActionMask = 2147483647;
			files = (
				3AB8DDC817423F6E00574AF4 /* SenTestingKit.framework in Frameworks */,
				3AB8DDC917423F6E00574AF4 /* UIKit.framework in Frameworks */,
				3AB8DDCA17423F6E00574AF4 /* Foundation.framework in Frameworks */,
				3AB8DDCB17423F6E00574AF4 /* CoreData.framework in Frameworks */,
			);
			runOnlyForDeploymentPostprocessing = 0;
		};
/* End PBXFrameworksBuildPhase section */

/* Begin PBXGroup section */
		3AB8DD9817423F6E00574AF4 = {
			isa = PBXGroup;
			children = (
				3AB8DDAC17423F6E00574AF4 /* bench */,
				3AB8DDCE17423F6E00574AF4 /* benchTests */,
				3AB8DDA317423F6E00574AF4 /* Frameworks */,
				3AB8DDA217423F6E00574AF4 /* Products */,
			);
			sourceTree = "<group>";
		};
		3AB8DDA217423F6E00574AF4 /* Products */ = {
			isa = PBXGroup;
			children = (
				3AB8DDA117423F6E00574AF4 /* bench.app */,
				3AB8DDC617423F6E00574AF4 /* benchTests.octest */,
			);
			name = Products;
			sourceTree = "<group>";
		};
		3AB8DDA317423F6E00574AF4 /* Frameworks */ = {
			isa = PBXGroup;
			children = (
				3AB8DDA417423F6E00574AF4 /* UIKit.framework */,
				3AB8DDA617423F6E00574AF4 /* Foundation.framework */,
				3AB8DDA817423F6E00574AF4 /* CoreGraphics.framework */,
				3AB8DDAA17423F6E00574AF4 /* CoreData.framework */,
				3AB8DDC717423F6E00574AF4 /* SenTestingKit.framework */,
			);
			name = Frameworks;
			sourceTree = "<group>";
		};
		3AB8DDAC17423F6E00574AF4 /* bench */ = {
			isa = PBXGroup;
			children = (
				3AB8DDB517423F6E00574AF4 /* dispatchAppDelegate.h */,
				3AB8DDB617423F6E00574AF4 /* dispatchAppDelegate.m */,
				3AB8DDBE17423F6E00574AF4 /* bench.xcdatamodeld */,
				3AB8DDAD17423F6E00574AF4 /* Supporting Files */,
				3AB8DDDF17423F9000574AF4 /* bench.c */,
			);
			path = bench;
			sourceTree = "<group>";
		};
		3AB8DDAD17423F6E00574AF4 /* Supporting Files */ = {
			isa = PBXGroup;
			children = (
				3AB8DDAE17423F6E00574AF4 /* bench-Info.plist */,
				3AB8DDAF17423F6E00574AF4 /* InfoPlist.strings */,
				3AB8DDB217423F6E00574AF4 /* main.m */,
				3AB8DDB417423F6E00574AF4 /* bench-Prefix.pch */,
				3AB8DDB817423F6E00574AF4 /* Default.png */,
				3AB8DDBA17423F6E00574AF4 /* Default@2x.png */,
				3AB8DDBC17423F6E00574AF4 /* Default-568h@2x.png */,
			);
			name = "Supporting Files";
			sourceTree = "<group>";
		};
		3AB8DDCE17423F6E00574AF4 /* benchTests */ = {
			isa = PBXGroup;
			children = (
				3AB8DDD417423F6E00574AF4 /* benchTests.h */,
				3AB8DDD517423F6E00574AF4 /* benchTests.m */,
				3AB8DDCF17423F6E00574AF4 /* Supporting Files */,
			);
			path = benchTests;
			sourceTree = "<group>";
		};
		3AB8DDCF17423F6E00574AF4 /* Supporting Files */ = {
			isa = PBXGroup;
			children = (
				3AB8DDD017423F6E00574AF4 /* benchTests-Info.plist */,
				3AB8DDD117423F6E00574AF4 /* InfoPlist.strings */,
			);
			name = "Supporting Files";
			sourceTree = "<group>";
		};
/* End PBXGroup section */

/* Begin PBXNativeTarget section */
		3AB8DDA017423F6E00574AF4 /* bench */ = {
			isa = PBXNativeTarget;
			buildConfigurationList = 3AB8DDD917423F6E00574AF4 /* Build configuration list for PBXNativeTarget "bench" */;
			buildPhases = (
				3AB8DD9D17423F6E00574AF4 /* Sources */,
				3AB8DD9E17423F6E00574AF4 /* Frameworks */,
				3AB8DD9F17423F6E00574AF4 /* Resources */,
			);
			buildRules = (
			);
			dependencies = (
			);
			name = bench;
			productName = bench;
			productReference = 3AB8DDA117423F6E00574AF4 /* bench.app */;
			productType = "com.apple.product-type.application";
		};
		3AB8DDC517423F6E00574AF4 /* benchTests */ = {
			isa = PBXNativeTarget;
			buildConfigurationList = 3AB8DDDC17423F6E00574AF4 /* Build configuration list for PBXNativeTarget "benchTests" */;
			buildPhases = (
				3AB8DDC117423F6E00574AF4 /* Sources */,
				3AB8DDC217423F6E00574AF4 /* Frameworks */,
				3AB8DDC317423F6E00574AF4 /* Resources */,
				3AB8DDC417423F6E00574AF4 /* ShellScript */,
			);
			buildRules = (
			);
			dependencies = (
				3AB8DDCD17423F6E00574AF4 /* PBXTargetDependency */,
			);
			name = benchTests;
			productName = benchTests;
			productReference = 3AB8DDC617423F6E00574AF4 /* benchTests.octest */;
			productType = "com.apple.product-type.bundle";
		};
/* End PBXNativeTarget section */

/* Begin PBXProject section */
		3AB8DD9917423F6E00574AF4 /* Project object */ = {
			isa = PBXProject;
			attributes = {
				CLASSPREFIX = dispatch;
				LastUpgradeCheck = 0460;
				ORGANIZATIONNAME = DrewCrawfordApps;
			};
			buildConfigurationList = 3AB8DD9C17423F6E00574AF4 /* Build configuration list for PBXProject "bench" */;
			compatibilityVersion = "Xcode 3.2";
			developmentRegion = English;
			hasScannedForEncodings = 0;
			knownRegions = (
				en,
			);
			mainGroup = 3AB8DD9817423F6E00574AF4;
			productRefGroup = 3AB8DDA217423F6E00574AF4 /* Products */;
			projectDirPath = "";
			projectRoot = "";
			targets = (
				3AB8DDA017423F6E00574AF4 /* bench */,
				3AB8DDC517423F6E00574AF4 /* benchTests */,
			);
		};
/* End PBXProject section */

/* Begin PBXResourcesBuildPhase section */
		3AB8DD9F17423F6E00574AF4 /* Resources */ = {
			isa = PBXResourcesBuildPhase;
			buildActionMask = 2147483647;
			files = (
				3AB8DDB117423F6E00574AF4 /* InfoPlist.strings in Resources */,
				3AB8DDB917423F6E00574AF4 /* Default.png in Resources */,
				3AB8DDBB17423F6E00574AF4 /* Default@2x.png in Resources */,
				3AB8DDBD17423F6E00574AF4 /* Default-568h@2x.png in Resources */,
			);
			runOnlyForDeploymentPostprocessing = 0;
		};
		3AB8DDC317423F6E00574AF4 /* Resources */ = {
			isa = PBXResourcesBuildPhase;
			buildActionMask = 2147483647;
			files = (
				3AB8DDD317423F6E00574AF4 /* InfoPlist.strings in Resources */,
			);
			runOnlyForDeploymentPostprocessing = 0;
		};
/* End PBXResourcesBuildPhase section */

/* Begin PBXShellScriptBuildPhase section */
		3AB8DDC417423F6E00574AF4 /* ShellScript */ = {
			isa = PBXShellScriptBuildPhase;
			buildActionMask = 2147483647;
			files = (
			);
			inputPaths = (
			);
			outputPaths = (
			);
			runOnlyForDeploymentPostprocessing = 0;
			shellPath = /bin/sh;
			shellScript = "# Run the unit tests in this test bundle.\n\"${SYSTEM_DEVELOPER_DIR}/Tools/RunUnitTests\"\n";
		};
/* End PBXShellScriptBuildPhase section */

/* Begin PBXSourcesBuildPhase section */
		3AB8DD9D17423F6E00574AF4 /* Sources */ = {
			isa = PBXSourcesBuildPhase;
			buildActionMask = 2147483647;
			files = (
				3AB8DDB317423F6E00574AF4 /* main.m in Sources */,
				3AB8DDB717423F6E00574AF4 /* dispatchAppDelegate.m in Sources */,
				3AB8DDC017423F6E00574AF4 /* bench.xcdatamodeld in Sources */,
				3AB8DDE017423F9000574AF4 /* bench.c in Sources */,
			);
			runOnlyForDeploymentPostprocessing = 0;
		};
		3AB8DDC117423F6E00574AF4 /* Sources */ = {
			isa = PBXSourcesBuildPhase;
			buildActionMask = 2147483647;
			files = (
				3AB8DDD617423F6E00574AF4 /* benchTests.m in Sources */,
			);
			runOnlyForDeploymentPostprocessing = 0;
		};
/* End PBXSourcesBuildPhase section */

/* Begin PBXTargetDependency section */
		3AB8DDCD17423F6E00574AF4 /* PBXTargetDependency */ = {
			isa = PBXTargetDependency;
			target = 3AB8DDA017423F6E00574AF4 /* bench */;
			targetProxy = 3AB8DDCC17423F6E00574AF4 /* PBXContainerItemProxy */;
		};
/* End PBXTargetDependency section */

/* Begin PBXVariantGroup section */
		3AB8DDAF17423F6E00574AF4 /* InfoPlist.strings */ = {
			isa = PBXVariantGroup;
			children = (
				3AB8DDB017423F6E00574AF4 /* en */,
			);
			name = InfoPlist.strings;
			sourceTree = "<group>";
		};
		3AB8DDD117423F6E00574AF4 /* InfoPlist.strings */ = {
			isa = PBXVariantGroup;
			children = (
				3AB8DDD217423F6E00574AF4 /* en */,
			);
			name = InfoPlist.strings;
			sourceTree = "<group>";
		};
/* End PBXVariantGroup section */

/* Begin XCBuildConfiguration section */
		3AB8DDD717423F6E00574AF4 /* Debug */ = {
			isa = XCBuildConfiguration;
			buildSettings = {
				ALWAYS_SEARCH_USER_PATHS = NO;
				CLANG_CXX_LANGUAGE_STANDARD = "gnu++0x";
				CLANG_CXX_LIBRARY = "libc++";
				CLANG_ENABLE_OBJC_ARC = YES;
				CLANG_WARN_CONSTANT_CONVERSION = YES;
				CLANG_WARN_EMPTY_BODY = YES;
				CLANG_WARN_ENUM_CONVERSION = YES;
				CLANG_WARN_INT_CONVERSION = YES;
				CLANG_WARN__DUPLICATE_METHOD_MATCH = YES;
				"CODE_SIGN_IDENTITY[sdk=iphoneos*]" = "iPhone Developer";
				COPY_PHASE_STRIP = NO;
				GCC_C_LANGUAGE_STANDARD = gnu99;
				GCC_DYNAMIC_NO_PIC = NO;
				GCC_OPTIMIZATION_LEVEL = s;
				GCC_PREPROCESSOR_DEFINITIONS = (
					"DEBUG=1",
					"$(inherited)",
				);
				GCC_SYMBOLS_PRIVATE_EXTERN = NO;
				GCC_WARN_ABOUT_RETURN_TYPE = YES;
				GCC_WARN_UNINITIALIZED_AUTOS = YES;
				GCC_WARN_UNUSED_VARIABLE = YES;
				IPHONEOS_DEPLOYMENT_TARGET = 6.1;
				ONLY_ACTIVE_ARCH = YES;
				SDKROOT = iphoneos;
				TARGETED_DEVICE_FAMILY = "1,2";
			};
			name = Debug;
		};
		3AB8DDD817423F6E00574AF4 /* Release */ = {
			isa = XCBuildConfiguration;
			buildSettings = {
				ALWAYS_SEARCH_USER_PATHS = NO;
				CLANG_CXX_LANGUAGE_STANDARD = "gnu++0x";
				CLANG_CXX_LIBRARY = "libc++";
				CLANG_ENABLE_OBJC_ARC = YES;
				CLANG_WARN_CONSTANT_CONVERSION = YES;
				CLANG_WARN_EMPTY_BODY = YES;
				CLANG_WARN_ENUM_CONVERSION = YES;
				CLANG_WARN_INT_CONVERSION = YES;
				CLANG_WARN__DUPLICATE_METHOD_MATCH = YES;
				"CODE_SIGN_IDENTITY[sdk=iphoneos*]" = "iPhone Developer";
				COPY_PHASE_STRIP = YES;
				GCC_C_LANGUAGE_STANDARD = gnu99;
				GCC_WARN_ABOUT_RETURN_TYPE = YES;
				GCC_WARN_UNINITIALIZED_AUTOS = YES;
				GCC_WARN_UNUSED_VARIABLE = YES;
				IPHONEOS_DEPLOYMENT_TARGET = 6.1;
				OTHER_CFLAGS = "-DNS_BLOCK_ASSERTIONS=1";
				SDKROOT = iphoneos;
				TARGETED_DEVICE_FAMILY = "1,2";
				VALIDATE_PRODUCT = YES;
			};
			name = Release;
		};
		3AB8DDDA17423F6E00574AF4 /* Debug */ = {
			isa = XCBuildConfiguration;
			buildSettings = {
				GCC_PRECOMPILE_PREFIX_HEADER = YES;
				GCC_PREFIX_HEADER = "bench/bench-Prefix.pch";
				INFOPLIST_FILE = "bench/bench-Info.plist";
				PRODUCT_NAME = "$(TARGET_NAME)";
				WRAPPER_EXTENSION = app;
			};
			name = Debug;
		};
		3AB8DDDB17423F6E00574AF4 /* Release */ = {
			isa = XCBuildConfiguration;
			buildSettings = {
				GCC_PRECOMPILE_PREFIX_HEADER = YES;
				GCC_PREFIX_HEADER = "bench/bench-Prefix.pch";
				INFOPLIST_FILE = "bench/bench-Info.plist";
				PRODUCT_NAME = "$(TARGET_NAME)";
				WRAPPER_EXTENSION = app;
			};
			name = Release;
		};
		3AB8DDDD17423F6E00574AF4 /* Debug */ = {
			isa = XCBuildConfiguration;
			buildSettings = {
				BUNDLE_LOADER = "$(BUILT_PRODUCTS_DIR)/bench.app/bench";
				FRAMEWORK_SEARCH_PATHS = (
					"\"$(SDKROOT)/Developer/Library/Frameworks\"",
					"\"$(DEVELOPER_LIBRARY_DIR)/Frameworks\"",
				);
				GCC_PRECOMPILE_PREFIX_HEADER = YES;
				GCC_PREFIX_HEADER = "bench/bench-Prefix.pch";
				INFOPLIST_FILE = "benchTests/benchTests-Info.plist";
				PRODUCT_NAME = "$(TARGET_NAME)";
				TEST_HOST = "$(BUNDLE_LOADER)";
				WRAPPER_EXTENSION = octest;
			};
			name = Debug;
		};
		3AB8DDDE17423F6E00574AF4 /* Release */ = {
			isa = XCBuildConfiguration;
			buildSettings = {
				BUNDLE_LOADER = "$(BUILT_PRODUCTS_DIR)/bench.app/bench";
				FRAMEWORK_SEARCH_PATHS = (
					"\"$(SDKROOT)/Developer/Library/Frameworks\"",
					"\"$(DEVELOPER_LIBRARY_DIR)/Frameworks\"",
				);
				GCC_PRECOMPILE_PREFIX_HEADER = YES;
				GCC_PREFIX_HEADER = "bench/bench-Prefix.pch";
				INFOPLIST_FILE = "benchTests/benchTests-Info.plist";
				PRODUCT_NAME = "$(TARGET_NAME)";
				TEST_HOST = "$(BUNDLE_LOADER)";
				WRAPPER_EXTENSION = octest;
			};
			name = Release;
		};
/* End XCBuildConfiguration section */

/* Begin XCConfigurationList section */
		3AB8DD9C17423F6E00574AF4 /* Build configuration list for PBXProject "bench" */ = {
			isa = XCConfigurationList;
			buildConfigurations = (
				3AB8DDD717423F6E00574AF4 /* Debug */,
				3AB8DDD817423F6E00574AF4 /* Release */,
			);
			defaultConfigurationIsVisible = 0;
			defaultConfigurationName = Release;
		};
		3AB8DDD917423F6E00574AF4 /* Build configuration list for PBXNativeTarget "bench" */ = {
			isa = XCConfigurationList;
			buildConfigurations = (
				3AB8DDDA17423F6E00574AF4 /* Debug */,
				3AB8DDDB17423F6E00574AF4 /* Release */,
			);
			defaultConfigurationIsVisible = 0;
			defaultConfigurationName = Release;
		};
		3AB8DDDC17423F6E00574AF4 /* Build configuration list for PBXNativeTarget "benchTests" */ = {
			isa = XCConfigurationList;
			buildConfigurations = (
				3AB8DDDD17423F6E00574AF4 /* Debug */,
				3AB8DDDE17423F6E00574AF4 /* Release */,
			);
			defaultConfigurationIsVisible = 0;
			defaultConfigurationName = Release;
		};
/* End XCConfigurationList section */

/* Begin XCVersionGroup section */
		3AB8DDBE17423F6E00574AF4 /* bench.xcdatamodeld */ = {
			isa = XCVersionGroup;
			children = (
				3AB8DDBF17423F6E00574AF4 /* bench.xcdatamodel */,
			);
			currentVersion = 3AB8DDBF17423F6E00574AF4 /* bench.xcdatamodel */;
			path = bench.xcdatamodeld;
			sourceTree = "<group>";
			versionGroupType = wrapper.xcdatamodel;
		};
/* End XCVersionGroup section */
	};
	rootObject = 3AB8DD9917423F6E00574AF4 /* Project object */;
}
